
Microsoft Visual Studio Solution File, Format Version 12.00
# Visual Studio Version 16
VisualStudioVersion = 16.0.30204.135
MinimumVisualStudioVersion = 10.0.40219.1
Project("{FAE04EC0-301F-11D3-BF4B-00C04F79EFBC}") = "StaticExercise", "StaticExercise\StaticExercise.csproj", "{50435A2F-3689-4419-B4C9-8DD05C62A249}"
EndProject
Global
	GlobalSection(SolutionConfigurationPlatforms) = preSolution
		Debug|Any CPU = Debug|Any CPU
		Release|Any CPU = Release|Any CPU
	EndGlobalSection
	GlobalSection(ProjectConfigurationPlatforms) = postSolution
		{50435A2F-3689-4419-B4C9-8DD05C62A249}.Debug|Any CPU.ActiveCfg = Debug|Any CPU
		{50435A2F-3689-4419-B4C9-8DD05C62A249}.Debug|Any CPU.Build.0 = Debug|Any CPU
		{50435A2F-3689-4419-B4C9-8DD05C62A249}.Release|Any CPU.ActiveCfg = Release|Any CPU
		{50435A2F-3689-4419-B4C9-8DD05C62A249}.Release|Any CPU.Build.0 = Release|Any CPU
	EndGlobalSection
	GlobalSection(SolutionProperties) = preSolution
		HideSolutionNode = FALSE
	EndGlobalSection
	GlobalSection(ExtensibilityGlobals) = postSolution
		SolutionGuid = {E9EA9C11-56B3-43BD-8BEA-DE4EDAE5BAA3}
	EndGlobalSection
EndGlobal
